// !$*UTF8*$!
{
	archiveVersion = 1;
	classes = {
	};
	objectVersion = 50;
	objects = {

/* Begin PBXBuildFile section */
		05EB018929EF4FEF002DE98C /* AppDelegate.swift in Sources */ = {isa = PBXBuildFile; fileRef = 05EB018829EF4FEF002DE98C /* AppDelegate.swift */; };
		05EB018B29EF4FEF002DE98C /* SceneDelegate.swift in Sources */ = {isa = PBXBuildFile; fileRef = 05EB018A29EF4FEF002DE98C /* SceneDelegate.swift */; };
		05EB018D29EF4FEF002DE98C /* ViewController.swift in Sources */ = {isa = PBXBuildFile; fileRef = 05EB018C29EF4FEF002DE98C /* ViewController.swift */; };
		05EB019029EF4FEF002DE98C /* Main.storyboard in Resources */ = {isa = PBXBuildFile; fileRef = 05EB018E29EF4FEF002DE98C /* Main.storyboard */; };
		05EB019329EF4FEF002DE98C /* HodorKeyboard.xcdatamodeld in Sources */ = {isa = PBXBuildFile; fileRef = 05EB019129EF4FEF002DE98C /* HodorKeyboard.xcdatamodeld */; };
		05EB019529EF4FF4002DE98C /* Assets.xcassets in Resources */ = {isa = PBXBuildFile; fileRef = 05EB019429EF4FF4002DE98C /* Assets.xcassets */; };
		05EB019829EF4FF4002DE98C /* LaunchScreen.storyboard in Resources */ = {isa = PBXBuildFile; fileRef = 05EB019629EF4FF4002DE98C /* LaunchScreen.storyboard */; };
/* End PBXBuildFile section */

/* Begin PBXFileReference section */
		05EB018529EF4FEF002DE98C /* HodorKeyboard.app */ = {isa = PBXFileReference; explicitFileType = wrapper.application; includeInIndex = 0; path = HodorKeyboard.app; sourceTree = BUILT_PRODUCTS_DIR; };
		05EB018829EF4FEF002DE98C /* AppDelegate.swift */ = {isa = PBXFileReference; lastKnownFileType = sourcecode.swift; path = AppDelegate.swift; sourceTree = "<group>"; };
		05EB018A29EF4FEF002DE98C /* SceneDelegate.swift */ = {isa = PBXFileReference; lastKnownFileType = sourcecode.swift; path = SceneDelegate.swift; sourceTree = "<group>"; };
		05EB018C29EF4FEF002DE98C /* ViewController.swift */ = {isa = PBXFileReference; lastKnownFileType = sourcecode.swift; path = ViewController.swift; sourceTree = "<group>"; };
		05EB018F29EF4FEF002DE98C /* Base */ = {isa = PBXFileReference; lastKnownFileType = file.storyboard; name = Base; path = Base.lproj/Main.storyboard; sourceTree = "<group>"; };
		05EB019229EF4FEF002DE98C /* HodorKeyboard.xcdatamodel */ = {isa = PBXFileReference; lastKnownFileType = wrapper.xcdatamodel; path = HodorKeyboard.xcdatamodel; sourceTree = "<group>"; };
		05EB019429EF4FF4002DE98C /* Assets.xcassets */ = {isa = PBXFileReference; lastKnownFileType = folder.assetcatalog; path = Assets.xcassets; sourceTree = "<group>"; };
		05EB019729EF4FF4002DE98C /* Base */ = {isa = PBXFileReference; lastKnownFileType = file.storyboard; name = Base; path = Base.lproj/LaunchScreen.storyboard; sourceTree = "<group>"; };
		05EB019929EF4FF4002DE98C /* Info.plist */ = {isa = PBXFileReference; lastKnownFileType = text.plist.xml; path = Info.plist; sourceTree = "<group>"; };
/* End PBXFileReference section */

/* Begin PBXFrameworksBuildPhase section */
		05EB018229EF4FEF002DE98C /* Frameworks */ = {
			isa = PBXFrameworksBuildPhase;
			buildActionMask = 2147483647;
			files = (
			);
			runOnlyForDeploymentPostprocessing = 0;
		};
/* End PBXFrameworksBuildPhase section */

/* Begin PBXGroup section */
		05EB017C29EF4FEF002DE98C = {
			isa = PBXGroup;
			children = (
				05EB018729EF4FEF002DE98C /* HodorKeyboard */,
				05EB018629EF4FEF002DE98C /* Products */,
			);
			sourceTree = "<group>";
		};
		05EB018629EF4FEF002DE98C /* Products */ = {
			isa = PBXGroup;
			children = (
				05EB018529EF4FEF002DE98C /* HodorKeyboard.app */,
			);
			name = Products;
			sourceTree = "<group>";
		};
		05EB018729EF4FEF002DE98C /* HodorKeyboard */ = {
			isa = PBXGroup;
			children = (
				05EB018829EF4FEF002DE98C /* AppDelegate.swift */,
				05EB018A29EF4FEF002DE98C /* SceneDelegate.swift */,
				05EB018C29EF4FEF002DE98C /* ViewController.swift */,
				05EB018E29EF4FEF002DE98C /* Main.storyboard */,
				05EB019429EF4FF4002DE98C /* Assets.xcassets */,
				05EB019629EF4FF4002DE98C /* LaunchScreen.storyboard */,
				05EB019929EF4FF4002DE98C /* Info.plist */,
				05EB019129EF4FEF002DE98C /* HodorKeyboard.xcdatamodeld */,
			);
			path = HodorKeyboard;
			sourceTree = "<group>";
		};
/* End PBXGroup section */

/* Begin PBXNativeTarget section */
		05EB018429EF4FEF002DE98C /* HodorKeyboard */ = {
			isa = PBXNativeTarget;
			buildConfigurationList = 05EB019C29EF4FF4002DE98C /* Build configuration list for PBXNativeTarget "HodorKeyboard" */;
			buildPhases = (
				05EB018129EF4FEF002DE98C /* Sources */,
				05EB018229EF4FEF002DE98C /* Frameworks */,
				05EB018329EF4FEF002DE98C /* Resources */,
			);
			buildRules = (
			);
			dependencies = (
			);
			name = HodorKeyboard;
			productName = HodorKeyboard;
			productReference = 05EB018529EF4FEF002DE98C /* HodorKeyboard.app */;
			productType = "com.apple.product-type.application";
		};
/* End PBXNativeTarget section */

/* Begin PBXProject section */
		05EB017D29EF4FEF002DE98C /* Project object */ = {
			isa = PBXProject;
			attributes = {
				LastSwiftUpdateCheck = 1250;
				LastUpgradeCheck = 1250;
				TargetAttributes = {
					05EB018429EF4FEF002DE98C = {
						CreatedOnToolsVersion = 12.5.1;
					};
				};
			};
			buildConfigurationList = 05EB018029EF4FEF002DE98C /* Build configuration list for PBXProject "HodorKeyboard" */;
			compatibilityVersion = "Xcode 9.3";
			developmentRegion = en;
			hasScannedForEncodings = 0;
			knownRegions = (
				en,
				Base,
			);
			mainGroup = 05EB017C29EF4FEF002DE98C;
			productRefGroup = 05EB018629EF4FEF002DE98C /* Products */;
			projectDirPath = "";
			projectRoot = "";
			targets = (
				05EB018429EF4FEF002DE98C /* HodorKeyboard */,
			);
		};
/* End PBXProject section */

/* Begin PBXResourcesBuildPhase section */
		05EB018329EF4FEF002DE98C /* Resources */ = {
			isa = PBXResourcesBuildPhase;
			buildActionMask = 2147483647;
			files = (
				05EB019829EF4FF4002DE98C /* LaunchScreen.storyboard in Resources */,
				05EB019529EF4FF4002DE98C /* Assets.xcassets in Resources */,
				05EB019029EF4FEF002DE98C /* Main.storyboard in Resources */,
			);
			runOnlyForDeploymentPostprocessing = 0;
		};
/* End PBXResourcesBuildPhase section */

/* Begin PBXSourcesBuildPhase section */
		05EB018129EF4FEF002DE98C /* Sources */ = {
			isa = PBXSourcesBuildPhase;
			buildActionMask = 2147483647;
			files = (
				05EB018D29EF4FEF002DE98C /* ViewController.swift in Sources */,
				05EB018929EF4FEF002DE98C /* AppDelegate.swift in Sources */,
				05EB018B29EF4FEF002DE98C /* SceneDelegate.swift in Sources */,
				05EB019329EF4FEF002DE98C /* HodorKeyboard.xcdatamodeld in Sources */,
			);
			runOnlyForDeploymentPostprocessing = 0;
		};
/* End PBXSourcesBuildPhase section */

/* Begin PBXVariantGroup section */
		05EB018E29EF4FEF002DE98C /* Main.storyboard */ = {
			isa = PBXVariantGroup;
			children = (
				05EB018F29EF4FEF002DE98C /* Base */,
			);
			name = Main.storyboard;
			sourceTree = "<group>";
		};
		05EB019629EF4FF4002DE98C /* LaunchScreen.storyboard */ = {
			isa = PBXVariantGroup;
			children = (
				05EB019729EF4FF4002DE98C /* Base */,
			);
			name = LaunchScreen.storyboard;
			sourceTree = "<group>";
		};
/* End PBXVariantGroup section */

/* Begin XCBuildConfiguration section */
		05EB019A29EF4FF4002DE98C /* Debug */ = {
			isa = XCBuildConfiguration;
			buildSettings = {
				ALWAYS_SEARCH_USER_PATHS = NO;
				CLANG_ANALYZER_NONNULL = YES;
				CLANG_ANALYZER_NUMBER_OBJECT_CONVERSION = YES_AGGRESSIVE;
				CLANG_CXX_LANGUAGE_STANDARD = "gnu++14";
				CLANG_CXX_LIBRARY = "libc++";
				CLANG_ENABLE_MODULES = YES;
				CLANG_ENABLE_OBJC_ARC = YES;
				CLANG_ENABLE_OBJC_WEAK = YES;
				CLANG_WARN_BLOCK_CAPTURE_AUTORELEASING = YES;
				CLANG_WARN_BOOL_CONVERSION = YES;
				CLANG_WARN_COMMA = YES;
				CLANG_WARN_CONSTANT_CONVERSION = YES;
				CLANG_WARN_DEPRECATED_OBJC_IMPLEMENTATIONS = YES;
				CLANG_WARN_DIRECT_OBJC_ISA_USAGE = YES_ERROR;
				CLANG_WARN_DOCUMENTATION_COMMENTS = YES;
				CLANG_WARN_EMPTY_BODY = YES;
				CLANG_WARN_ENUM_CONVERSION = YES;
				CLANG_WARN_INFINITE_RECURSION = YES;
				CLANG_WARN_INT_CONVERSION = YES;
				CLANG_WARN_NON_LITERAL_NULL_CONVERSION = YES;
				CLANG_WARN_OBJC_IMPLICIT_RETAIN_SELF = YES;
				CLANG_WARN_OBJC_LITERAL_CONVERSION = YES;
				CLANG_WARN_OBJC_ROOT_CLASS = YES_ERROR;
				CLANG_WARN_QUOTED_INCLUDE_IN_FRAMEWORK_HEADER = YES;
				CLANG_WARN_RANGE_LOOP_ANALYSIS = YES;
				CLANG_WARN_STRICT_PROTOTYPES = YES;
				CLANG_WARN_SUSPICIOUS_MOVE = YES;
				CLANG_WARN_UNGUARDED_AVAILABILITY = YES_AGGRESSIVE;
				CLANG_WARN_UNREACHABLE_CODE = YES;
				CLANG_WARN__DUPLICATE_METHOD_MATCH = YES;
				COPY_PHASE_STRIP = NO;
				DEBUG_INFORMATION_FORMAT = dwarf;
				ENABLE_STRICT_OBJC_MSGSEND = YES;
				ENABLE_TESTABILITY = YES;
				GCC_C_LANGUAGE_STANDARD = gnu11;
				GCC_DYNAMIC_NO_PIC = NO;
				GCC_NO_COMMON_BLOCKS = YES;
				GCC_OPTIMIZATION_LEVEL = 0;
				GCC_PREPROCESSOR_DEFINITIONS = (
					"DEBUG=1",
					"$(inherited)",
				);
				GCC_WARN_64_TO_32_BIT_CONVERSION = YES;
				GCC_WARN_ABOUT_RETURN_TYPE = YES_ERROR;
				GCC_WARN_UNDECLARED_SELECTOR = YES;
				GCC_WARN_UNINITIALIZED_AUTOS = YES_AGGRESSIVE;
				GCC_WARN_UNUSED_FUNCTION = YES;
				GCC_WARN_UNUSED_VARIABLE = YES;
				IPHONEOS_DEPLOYMENT_TARGET = 14.5;
				MTL_ENABLE_DEBUG_INFO = INCLUDE_SOURCE;
				MTL_FAST_MATH = YES;
				ONLY_ACTIVE_ARCH = YES;
				SDKROOT = iphoneos;
				SWIFT_ACTIVE_COMPILATION_CONDITIONS = DEBUG;
				SWIFT_OPTIMIZATION_LEVEL = "-Onone";
			};
			name = Debug;
		};
		05EB019B29EF4FF4002DE98C /* Release */ = {
			isa = XCBuildConfiguration;
			buildSettings = {
				ALWAYS_SEARCH_USER_PATHS = NO;
				CLANG_ANALYZER_NONNULL = YES;
				CLANG_ANALYZER_NUMBER_OBJECT_CONVERSION = YES_AGGRESSIVE;
				CLANG_CXX_LANGUAGE_STANDARD = "gnu++14";
				CLANG_CXX_LIBRARY = "libc++";
				CLANG_ENABLE_MODULES = YES;
				CLANG_ENABLE_OBJC_ARC = YES;
				CLANG_ENABLE_OBJC_WEAK = YES;
				CLANG_WARN_BLOCK_CAPTURE_AUTORELEASING = YES;
				CLANG_WARN_BOOL_CONVERSION = YES;
				CLANG_WARN_COMMA = YES;
				CLANG_WARN_CONSTANT_CONVERSION = YES;
				CLANG_WARN_DEPRECATED_OBJC_IMPLEMENTATIONS = YES;
				CLANG_WARN_DIRECT_OBJC_ISA_USAGE = YES_ERROR;
				CLANG_WARN_DOCUMENTATION_COMMENTS = YES;
				CLANG_WARN_EMPTY_BODY = YES;
				CLANG_WARN_ENUM_CONVERSION = YES;
				CLANG_WARN_INFINITE_RECURSION = YES;
				CLANG_WARN_INT_CONVERSION = YES;
				CLANG_WARN_NON_LITERAL_NULL_CONVERSION = YES;
				CLANG_WARN_OBJC_IMPLICIT_RETAIN_SELF = YES;
				CLANG_WARN_OBJC_LITERAL_CONVERSION = YES;
				CLANG_WARN_OBJC_ROOT_CLASS = YES_ERROR;
				CLANG_WARN_QUOTED_INCLUDE_IN_FRAMEWORK_HEADER = YES;
				CLANG_WARN_RANGE_LOOP_ANALYSIS = YES;
				CLANG_WARN_STRICT_PROTOTYPES = YES;
				CLANG_WARN_SUSPICIOUS_MOVE = YES;
				CLANG_WARN_UNGUARDED_AVAILABILITY = YES_AGGRESSIVE;
				CLANG_WARN_UNREACHABLE_CODE = YES;
				CLANG_WARN__DUPLICATE_METHOD_MATCH = YES;
				COPY_PHASE_STRIP = NO;
				DEBUG_INFORMATION_FORMAT = "dwarf-with-dsym";
				ENABLE_NS_ASSERTIONS = NO;
				ENABLE_STRICT_OBJC_MSGSEND = YES;
				GCC_C_LANGUAGE_STANDARD = gnu11;
				GCC_NO_COMMON_BLOCKS = YES;
				GCC_WARN_64_TO_32_BIT_CONVERSION = YES;
				GCC_WARN_ABOUT_RETURN_TYPE = YES_ERROR;
				GCC_WARN_UNDECLARED_SELECTOR = YES;
				GCC_WARN_UNINITIALIZED_AUTOS = YES_AGGRESSIVE;
				GCC_WARN_UNUSED_FUNCTION = YES;
				GCC_WARN_UNUSED_VARIABLE = YES;
				IPHONEOS_DEPLOYMENT_TARGET = 14.5;
				MTL_ENABLE_DEBUG_INFO = NO;
				MTL_FAST_MATH = YES;
				SDKROOT = iphoneos;
				SWIFT_COMPILATION_MODE = wholemodule;
				SWIFT_OPTIMIZATION_LEVEL = "-O";
				VALIDATE_PRODUCT = YES;
			};
			name = Release;
		};
		05EB019D29EF4FF4002DE98C /* Debug */ = {
			isa = XCBuildConfiguration;
			buildSettings = {
				ASSETCATALOG_COMPILER_APPICON_NAME = AppIcon;
				ASSETCATALOG_COMPILER_GLOBAL_ACCENT_COLOR_NAME = AccentColor;
				CODE_SIGN_STYLE = Automatic;
				DEVELOPMENT_TEAM = C752953W8S;
				INFOPLIST_FILE = HodorKeyboard/Info.plist;
				LD_RUNPATH_SEARCH_PATHS = (
					"$(inherited)",
					"@executable_path/Frameworks",
				);
				PRODUCT_BUNDLE_IDENTIFIER = idrsilys.HodorKeyboard;
				PRODUCT_NAME = "$(TARGET_NAME)";
				SWIFT_VERSION = 5.0;
				TARGETED_DEVICE_FAMILY = "1,2";
			};
			name = Debug;
		};
		05EB019E29EF4FF4002DE98C /* Release */ = {
			isa = XCBuildConfiguration;
			buildSettings = {
				ASSETCATALOG_COMPILER_APPICON_NAME = AppIcon;
				ASSETCATALOG_COMPILER_GLOBAL_ACCENT_COLOR_NAME = AccentColor;
				CODE_SIGN_STYLE = Automatic;
				DEVELOPMENT_TEAM = C752953W8S;
				INFOPLIST_FILE = HodorKeyboard/Info.plist;
				LD_RUNPATH_SEARCH_PATHS = (
					"$(inherited)",
					"@executable_path/Frameworks",
				);
				PRODUCT_BUNDLE_IDENTIFIER = idrsilys.HodorKeyboard;
				PRODUCT_NAME = "$(TARGET_NAME)";
				SWIFT_VERSION = 5.0;
				TARGETED_DEVICE_FAMILY = "1,2";
			};
			name = Release;
		};
/* End XCBuildConfiguration section */

/* Begin XCConfigurationList section */
		05EB018029EF4FEF002DE98C /* Build configuration list for PBXProject "HodorKeyboard" */ = {
			isa = XCConfigurationList;
			buildConfigurations = (
				05EB019A29EF4FF4002DE98C /* Debug */,
				05EB019B29EF4FF4002DE98C /* Release */,
			);
			defaultConfigurationIsVisible = 0;
			defaultConfigurationName = Release;
		};
		05EB019C29EF4FF4002DE98C /* Build configuration list for PBXNativeTarget "HodorKeyboard" */ = {
			isa = XCConfigurationList;
			buildConfigurations = (
				05EB019D29EF4FF4002DE98C /* Debug */,
				05EB019E29EF4FF4002DE98C /* Release */,
			);
			defaultConfigurationIsVisible = 0;
			defaultConfigurationName = Release;
		};
/* End XCConfigurationList section */

/* Begin XCVersionGroup section */
		05EB019129EF4FEF002DE98C /* HodorKeyboard.xcdatamodeld */ = {
			isa = XCVersionGroup;
			children = (
				05EB019229EF4FEF002DE98C /* HodorKeyboard.xcdatamodel */,
			);
			currentVersion = 05EB019229EF4FEF002DE98C /* HodorKeyboard.xcdatamodel */;
			path = HodorKeyboard.xcdatamodeld;
			sourceTree = "<group>";
			versionGroupType = wrapper.xcdatamodel;
		};
/* End XCVersionGroup section */
	};
	rootObject = 05EB017D29EF4FEF002DE98C /* Project object */;
}
